
Microsoft Visual Studio Solution File, Format Version 12.00
# Visual Studio Version 17
VisualStudioVersion = 17.9.34607.119
MinimumVisualStudioVersion = 10.0.40219.1
Project("{9A19103F-16F7-4668-BE54-9A1E7A4F7556}") = "AccountOwnerServer", "AccountOwnerServer\AccountOwnerServer.csproj", "{DCBC2109-3A55-484A-A5B2-9BAF6290A0DA}"
EndProject
Project("{FAE04EC0-301F-11D3-BF4B-00C04F79EFBC}") = "Contracts", "Contracts\Contracts.csproj", "{6D31630D-EBDF-4083-87B2-8C0955A2C1D9}"
EndProject
Project("{FAE04EC0-301F-11D3-BF4B-00C04F79EFBC}") = "LoggerService", "LoggerService\LoggerService.csproj", "{430FC4CE-0828-430A-8AD0-AA5ECA49106A}"
EndProject
Project("{FAE04EC0-301F-11D3-BF4B-00C04F79EFBC}") = "Entities", "Entities\Entities.csproj", "{BFD276F0-E6EB-4517-AFB9-FB1EDAA798F9}"
EndProject
Project("{FAE04EC0-301F-11D3-BF4B-00C04F79EFBC}") = "Repository", "Repository\Repository.csproj", "{7D1C7886-D0EE-4B54-8CCB-61382482278B}"
EndProject
Global
	GlobalSection(SolutionConfigurationPlatforms) = preSolution
		Debug|Any CPU = Debug|Any CPU
		Release|Any CPU = Release|Any CPU
	EndGlobalSection
	GlobalSection(ProjectConfigurationPlatforms) = postSolution
		{DCBC2109-3A55-484A-A5B2-9BAF6290A0DA}.Debug|Any CPU.ActiveCfg = Debug|Any CPU
		{DCBC2109-3A55-484A-A5B2-9BAF6290A0DA}.Debug|Any CPU.Build.0 = Debug|Any CPU
		{DCBC2109-3A55-484A-A5B2-9BAF6290A0DA}.Release|Any CPU.ActiveCfg = Release|Any CPU
		{DCBC2109-3A55-484A-A5B2-9BAF6290A0DA}.Release|Any CPU.Build.0 = Release|Any CPU
		{6D31630D-EBDF-4083-87B2-8C0955A2C1D9}.Debug|Any CPU.ActiveCfg = Debug|Any CPU
		{6D31630D-EBDF-4083-87B2-8C0955A2C1D9}.Debug|Any CPU.Build.0 = Debug|Any CPU
		{6D31630D-EBDF-4083-87B2-8C0955A2C1D9}.Release|Any CPU.ActiveCfg = Release|Any CPU
		{6D31630D-EBDF-4083-87B2-8C0955A2C1D9}.Release|Any CPU.Build.0 = Release|Any CPU
		{430FC4CE-0828-430A-8AD0-AA5ECA49106A}.Debug|Any CPU.ActiveCfg = Debug|Any CPU
		{430FC4CE-0828-430A-8AD0-AA5ECA49106A}.Debug|Any CPU.Build.0 = Debug|Any CPU
		{430FC4CE-0828-430A-8AD0-AA5ECA49106A}.Release|Any CPU.ActiveCfg = Release|Any CPU
		{430FC4CE-0828-430A-8AD0-AA5ECA49106A}.Release|Any CPU.Build.0 = Release|Any CPU
		{BFD276F0-E6EB-4517-AFB9-FB1EDAA798F9}.Debug|Any CPU.ActiveCfg = Debug|Any CPU
		{BFD276F0-E6EB-4517-AFB9-FB1EDAA798F9}.Debug|Any CPU.Build.0 = Debug|Any CPU
		{BFD276F0-E6EB-4517-AFB9-FB1EDAA798F9}.Release|Any CPU.ActiveCfg = Release|Any CPU
		{BFD276F0-E6EB-4517-AFB9-FB1EDAA798F9}.Release|Any CPU.Build.0 = Release|Any CPU
		{7D1C7886-D0EE-4B54-8CCB-61382482278B}.Debug|Any CPU.ActiveCfg = Debug|Any CPU
		{7D1C7886-D0EE-4B54-8CCB-61382482278B}.Debug|Any CPU.Build.0 = Debug|Any CPU
		{7D1C7886-D0EE-4B54-8CCB-61382482278B}.Release|Any CPU.ActiveCfg = Release|Any CPU
		{7D1C7886-D0EE-4B54-8CCB-61382482278B}.Release|Any CPU.Build.0 = Release|Any CPU
	EndGlobalSection
	GlobalSection(SolutionProperties) = preSolution
		HideSolutionNode = FALSE
	EndGlobalSection
	GlobalSection(ExtensibilityGlobals) = postSolution
		SolutionGuid = {A47EFD0D-63BE-417D-A824-9872E5E4EDC0}
	EndGlobalSection
EndGlobal
